// !$*UTF8*$!
{
	archiveVersion = 1;
	classes = {
	};
	objectVersion = 50;
	objects = {

/* Begin PBXBuildFile section */
		3059F29020A1549100280644 /* AppDelegate.m in Sources */ = {isa = PBXBuildFile; fileRef = 3059F28F20A1549100280644 /* AppDelegate.m */; };
		3059F29320A1549100280644 /* ViewController.m in Sources */ = {isa = PBXBuildFile; fileRef = 3059F29220A1549100280644 /* ViewController.m */; };
		3059F29620A1549100280644 /* Main.storyboard in Resources */ = {isa = PBXBuildFile; fileRef = 3059F29420A1549100280644 /* Main.storyboard */; };
		3059F29820A1549300280644 /* Assets.xcassets in Resources */ = {isa = PBXBuildFile; fileRef = 3059F29720A1549300280644 /* Assets.xcassets */; };
		3059F29B20A1549300280644 /* LaunchScreen.storyboard in Resources */ = {isa = PBXBuildFile; fileRef = 3059F29920A1549300280644 /* LaunchScreen.storyboard */; };
		3059F29E20A1549300280644 /* main.m in Sources */ = {isa = PBXBuildFile; fileRef = 3059F29D20A1549300280644 /* main.m */; };
		3059F2A820A1549300280644 /* KZWFoundationTests.m in Sources */ = {isa = PBXBuildFile; fileRef = 3059F2A720A1549300280644 /* KZWFoundationTests.m */; };
		3059F2B320A1549300280644 /* KZWFoundationUITests.m in Sources */ = {isa = PBXBuildFile; fileRef = 3059F2B220A1549300280644 /* KZWFoundationUITests.m */; };
		3059F2D720A1578100280644 /* KZWNoPasteTextField.m in Sources */ = {isa = PBXBuildFile; fileRef = 3059F2C420A1577E00280644 /* KZWNoPasteTextField.m */; };
		3059F2D820A1578100280644 /* ZYProGressView.m in Sources */ = {isa = PBXBuildFile; fileRef = 3059F2C520A1577E00280644 /* ZYProGressView.m */; };
		3059F2D920A1578100280644 /* KZWBaseTextField.m in Sources */ = {isa = PBXBuildFile; fileRef = 3059F2C620A1577E00280644 /* KZWBaseTextField.m */; };
		3059F2DA20A1578100280644 /* UIButton+KZWButton.m in Sources */ = {isa = PBXBuildFile; fileRef = 3059F2C820A1577E00280644 /* UIButton+KZWButton.m */; };
		3059F2DB20A1578100280644 /* KZWBdgeImage.m in Sources */ = {isa = PBXBuildFile; fileRef = 3059F2CB20A1577F00280644 /* KZWBdgeImage.m */; };
		3059F2DC20A1578100280644 /* KZWBaseTextView.m in Sources */ = {isa = PBXBuildFile; fileRef = 3059F2CF20A1578000280644 /* KZWBaseTextView.m */; };
		3059F2DD20A1578100280644 /* KZWBdgeButton.m in Sources */ = {isa = PBXBuildFile; fileRef = 3059F2D120A1578000280644 /* KZWBdgeButton.m */; };
		3059F2DE20A1578100280644 /* TPPasswordTextView.m in Sources */ = {isa = PBXBuildFile; fileRef = 3059F2D220A1578000280644 /* TPPasswordTextView.m */; };
		3059F2DF20A1578100280644 /* UILabel+KZWLabel.m in Sources */ = {isa = PBXBuildFile; fileRef = 3059F2D420A1578000280644 /* UILabel+KZWLabel.m */; };
		3059F2E020A1578100280644 /* UICountingLabel.m in Sources */ = {isa = PBXBuildFile; fileRef = 3059F2D620A1578100280644 /* UICountingLabel.m */; };
		3059F30720A1579500280644 /* UINavigationController+KZWBackButtonHandler.m in Sources */ = {isa = PBXBuildFile; fileRef = 3059F2E120A1578F00280644 /* UINavigationController+KZWBackButtonHandler.m */; };
		3059F30820A1579500280644 /* UIScrollView+KZWRefresh.m in Sources */ = {isa = PBXBuildFile; fileRef = 3059F2E220A1578F00280644 /* UIScrollView+KZWRefresh.m */; };
		3059F30920A1579500280644 /* UITabBarItem+WebCache.m in Sources */ = {isa = PBXBuildFile; fileRef = 3059F2E320A1579000280644 /* UITabBarItem+WebCache.m */; };
		3059F30A20A1579500280644 /* UIControl+Block.m in Sources */ = {isa = PBXBuildFile; fileRef = 3059F2E520A1579000280644 /* UIControl+Block.m */; };
		3059F30B20A1579500280644 /* NSObject+LPDAssociatedObject.m in Sources */ = {isa = PBXBuildFile; fileRef = 3059F2E920A1579000280644 /* NSObject+LPDAssociatedObject.m */; };
		3059F30C20A1579500280644 /* NSString+ELMFoundation.m in Sources */ = {isa = PBXBuildFile; fileRef = 3059F2EA20A1579100280644 /* NSString+ELMFoundation.m */; };
		3059F30D20A1579500280644 /* UIApplication+ELMFoundation.m in Sources */ = {isa = PBXBuildFile; fileRef = 3059F2EB20A1579100280644 /* UIApplication+ELMFoundation.m */; };
		3059F30E20A1579500280644 /* NSURL+ELMFoundation.m in Sources */ = {isa = PBXBuildFile; fileRef = 3059F2EC20A1579100280644 /* NSURL+ELMFoundation.m */; };
		3059F30F20A1579500280644 /* UITabBar+CustomBadge.m in Sources */ = {isa = PBXBuildFile; fileRef = 3059F2F220A1579200280644 /* UITabBar+CustomBadge.m */; };
		3059F31020A1579500280644 /* UIImageView+KZWCache.m in Sources */ = {isa = PBXBuildFile; fileRef = 3059F2F320A1579200280644 /* UIImageView+KZWCache.m */; };
		3059F31120A1579500280644 /* ZYImageCacheManager.m in Sources */ = {isa = PBXBuildFile; fileRef = 3059F2F620A1579300280644 /* ZYImageCacheManager.m */; };
		3059F31220A1579500280644 /* NSObject+Dictionary.m in Sources */ = {isa = PBXBuildFile; fileRef = 3059F2F820A1579300280644 /* NSObject+Dictionary.m */; };
		3059F31320A1579500280644 /* UIColor+KZWColor.m in Sources */ = {isa = PBXBuildFile; fileRef = 3059F2F920A1579300280644 /* UIColor+KZWColor.m */; };
		3059F31420A1579500280644 /* UIViewController+ELMRouter.m in Sources */ = {isa = PBXBuildFile; fileRef = 3059F2FA20A1579300280644 /* UIViewController+ELMRouter.m */; };
		3059F31520A1579500280644 /* NSError+LPDErrorMessage.m in Sources */ = {isa = PBXBuildFile; fileRef = 3059F2FB20A1579400280644 /* NSError+LPDErrorMessage.m */; };
		3059F31620A1579500280644 /* UILabel+KZWLineSpace.m in Sources */ = {isa = PBXBuildFile; fileRef = 3059F30120A1579400280644 /* UILabel+KZWLineSpace.m */; };
		3059F31720A1579500280644 /* UIView+KZWCore.m in Sources */ = {isa = PBXBuildFile; fileRef = 3059F30220A1579500280644 /* UIView+KZWCore.m */; };
		3059F31820A1579500280644 /* ELMKeychainUtil.m in Sources */ = {isa = PBXBuildFile; fileRef = 3059F30420A1579500280644 /* ELMKeychainUtil.m */; };
		3059F31920A1579500280644 /* NSString+KZWData.m in Sources */ = {isa = PBXBuildFile; fileRef = 3059F30520A1579500280644 /* NSString+KZWData.m */; };
		3059F32B20A1592900280644 /* KZWTosatView.m in Sources */ = {isa = PBXBuildFile; fileRef = 3059F32020A1592800280644 /* KZWTosatView.m */; };
		3059F32C20A1592900280644 /* KZWCorrectLocation.m in Sources */ = {isa = PBXBuildFile; fileRef = 3059F32120A1592800280644 /* KZWCorrectLocation.m */; };
		3059F32D20A1592900280644 /* KZWConstants.m in Sources */ = {isa = PBXBuildFile; fileRef = 3059F32320A1592800280644 /* KZWConstants.m */; };
		3059F32E20A1592900280644 /* WKCookieSyncManager.m in Sources */ = {isa = PBXBuildFile; fileRef = 3059F32520A1592900280644 /* WKCookieSyncManager.m */; };
		3059F32F20A1592900280644 /* ELMEnvironmentManager.m in Sources */ = {isa = PBXBuildFile; fileRef = 3059F32820A1592900280644 /* ELMEnvironmentManager.m */; };
		3059F33320A15C3F00280644 /* ELMRouter.m in Sources */ = {isa = PBXBuildFile; fileRef = 3059F33120A15C3F00280644 /* ELMRouter.m */; };
		3059F33B20A17C1F00280644 /* LPDBHttpManager.m in Sources */ = {isa = PBXBuildFile; fileRef = 3059F33620A17C1E00280644 /* LPDBHttpManager.m */; };
		3059F33C20A17C1F00280644 /* LPDBModel.m in Sources */ = {isa = PBXBuildFile; fileRef = 3059F33920A17C1E00280644 /* LPDBModel.m */; };
		3059F33D20A17C1F00280644 /* LPDBRequestObject.m in Sources */ = {isa = PBXBuildFile; fileRef = 3059F33A20A17C1E00280644 /* LPDBRequestObject.m */; };
		3059F34020A184DD00280644 /* CQHUD.m in Sources */ = {isa = PBXBuildFile; fileRef = 3059F33E20A184DC00280644 /* CQHUD.m */; };
		3059F34320A1850200280644 /* KZWVersionModel.m in Sources */ = {isa = PBXBuildFile; fileRef = 3059F34220A1850200280644 /* KZWVersionModel.m */; };
		3059F34720A1870300280644 /* KZWViewController.m in Sources */ = {isa = PBXBuildFile; fileRef = 3059F34620A1870300280644 /* KZWViewController.m */; };
		3059F34A20A1870E00280644 /* KZWNetStateView.m in Sources */ = {isa = PBXBuildFile; fileRef = 3059F34920A1870E00280644 /* KZWNetStateView.m */; };
		3059F34D20A1871400280644 /* KZWRequestServerstatus.m in Sources */ = {isa = PBXBuildFile; fileRef = 3059F34B20A1871400280644 /* KZWRequestServerstatus.m */; };
		3059F35420A1A48100280644 /* KZWFundation.bundle in Resources */ = {isa = PBXBuildFile; fileRef = 3059F35320A1A48100280644 /* KZWFundation.bundle */; };
		3059F35720A2981C00280644 /* UITableView+KZWTableView.m in Sources */ = {isa = PBXBuildFile; fileRef = 3059F35620A2981C00280644 /* UITableView+KZWTableView.m */; };
		3059F35C20A2ACA100280644 /* KZWRSAenscryptString.m in Sources */ = {isa = PBXBuildFile; fileRef = 3059F35820A2ACA000280644 /* KZWRSAenscryptString.m */; };
		3059F35D20A2ACA100280644 /* RSA.m in Sources */ = {isa = PBXBuildFile; fileRef = 3059F35A20A2ACA100280644 /* RSA.m */; };
		3059F36020A2ACA800280644 /* KZWJpushModel.m in Sources */ = {isa = PBXBuildFile; fileRef = 3059F35F20A2ACA800280644 /* KZWJpushModel.m */; };
		6E420BDD38962E8F819E6001 /* Pods_KZWFoundationTests.framework in Frameworks */ = {isa = PBXBuildFile; fileRef = D73A020F1DDA7C9090C06FED /* Pods_KZWFoundationTests.framework */; };
		9199F78F5E55AAC20818E9F2 /* Pods_KZWFoundation.framework in Frameworks */ = {isa = PBXBuildFile; fileRef = 8E4348EBA50876CFE89044A5 /* Pods_KZWFoundation.framework */; };
		E03D2FB4F61129D6A8786B59 /* Pods_KZWFoundationUITests.framework in Frameworks */ = {isa = PBXBuildFile; fileRef = 4AADFE66FDD7ED8B82116376 /* Pods_KZWFoundationUITests.framework */; };
/* End PBXBuildFile section */

/* Begin PBXContainerItemProxy section */
		3059F2A420A1549300280644 /* PBXContainerItemProxy */ = {
			isa = PBXContainerItemProxy;
			containerPortal = 3059F28320A1549100280644 /* Project object */;
			proxyType = 1;
			remoteGlobalIDString = 3059F28A20A1549100280644;
			remoteInfo = KZWFoundation;
		};
		3059F2AF20A1549300280644 /* PBXContainerItemProxy */ = {
			isa = PBXContainerItemProxy;
			containerPortal = 3059F28320A1549100280644 /* Project object */;
			proxyType = 1;
			remoteGlobalIDString = 3059F28A20A1549100280644;
			remoteInfo = KZWFoundation;
		};
/* End PBXContainerItemProxy section */

/* Begin PBXFileReference section */
		3059F28B20A1549100280644 /* KZWFoundation.app */ = {isa = PBXFileReference; explicitFileType = wrapper.application; includeInIndex = 0; path = KZWFoundation.app; sourceTree = BUILT_PRODUCTS_DIR; };
		3059F28E20A1549100280644 /* AppDelegate.h */ = {isa = PBXFileReference; lastKnownFileType = sourcecode.c.h; path = AppDelegate.h; sourceTree = "<group>"; };
		3059F28F20A1549100280644 /* AppDelegate.m */ = {isa = PBXFileReference; lastKnownFileType = sourcecode.c.objc; path = AppDelegate.m; sourceTree = "<group>"; };
		3059F29120A1549100280644 /* ViewController.h */ = {isa = PBXFileReference; lastKnownFileType = sourcecode.c.h; path = ViewController.h; sourceTree = "<group>"; };
		3059F29220A1549100280644 /* ViewController.m */ = {isa = PBXFileReference; lastKnownFileType = sourcecode.c.objc; path = ViewController.m; sourceTree = "<group>"; };
		3059F29520A1549100280644 /* Base */ = {isa = PBXFileReference; lastKnownFileType = file.storyboard; name = Base; path = Base.lproj/Main.storyboard; sourceTree = "<group>"; };
		3059F29720A1549300280644 /* Assets.xcassets */ = {isa = PBXFileReference; lastKnownFileType = folder.assetcatalog; path = Assets.xcassets; sourceTree = "<group>"; };
		3059F29A20A1549300280644 /* Base */ = {isa = PBXFileReference; lastKnownFileType = file.storyboard; name = Base; path = Base.lproj/LaunchScreen.storyboard; sourceTree = "<group>"; };
		3059F29C20A1549300280644 /* Info.plist */ = {isa = PBXFileReference; lastKnownFileType = text.plist.xml; path = Info.plist; sourceTree = "<group>"; };
		3059F29D20A1549300280644 /* main.m */ = {isa = PBXFileReference; lastKnownFileType = sourcecode.c.objc; path = main.m; sourceTree = "<group>"; };
		3059F2A320A1549300280644 /* KZWFoundationTests.xctest */ = {isa = PBXFileReference; explicitFileType = wrapper.cfbundle; includeInIndex = 0; path = KZWFoundationTests.xctest; sourceTree = BUILT_PRODUCTS_DIR; };
		3059F2A720A1549300280644 /* KZWFoundationTests.m */ = {isa = PBXFileReference; lastKnownFileType = sourcecode.c.objc; path = KZWFoundationTests.m; sourceTree = "<group>"; };
		3059F2A920A1549300280644 /* Info.plist */ = {isa = PBXFileReference; lastKnownFileType = text.plist.xml; path = Info.plist; sourceTree = "<group>"; };
		3059F2AE20A1549300280644 /* KZWFoundationUITests.xctest */ = {isa = PBXFileReference; explicitFileType = wrapper.cfbundle; includeInIndex = 0; path = KZWFoundationUITests.xctest; sourceTree = BUILT_PRODUCTS_DIR; };
		3059F2B220A1549300280644 /* KZWFoundationUITests.m */ = {isa = PBXFileReference; lastKnownFileType = sourcecode.c.objc; path = KZWFoundationUITests.m; sourceTree = "<group>"; };
		3059F2B420A1549300280644 /* Info.plist */ = {isa = PBXFileReference; lastKnownFileType = text.plist.xml; path = Info.plist; sourceTree = "<group>"; };
		3059F2C320A1577D00280644 /* KZWBaseTextField.h */ = {isa = PBXFileReference; fileEncoding = 4; lastKnownFileType = sourcecode.c.h; path = KZWBaseTextField.h; sourceTree = "<group>"; };
		3059F2C420A1577E00280644 /* KZWNoPasteTextField.m */ = {isa = PBXFileReference; fileEncoding = 4; lastKnownFileType = sourcecode.c.objc; path = KZWNoPasteTextField.m; sourceTree = "<group>"; };
		3059F2C520A1577E00280644 /* ZYProGressView.m */ = {isa = PBXFileReference; fileEncoding = 4; lastKnownFileType = sourcecode.c.objc; path = ZYProGressView.m; sourceTree = "<group>"; };
		3059F2C620A1577E00280644 /* KZWBaseTextField.m */ = {isa = PBXFileReference; fileEncoding = 4; lastKnownFileType = sourcecode.c.objc; path = KZWBaseTextField.m; sourceTree = "<group>"; };
		3059F2C720A1577E00280644 /* UILabel+KZWLabel.h */ = {isa = PBXFileReference; fileEncoding = 4; lastKnownFileType = sourcecode.c.h; path = "UILabel+KZWLabel.h"; sourceTree = "<group>"; };
		3059F2C820A1577E00280644 /* UIButton+KZWButton.m */ = {isa = PBXFileReference; fileEncoding = 4; lastKnownFileType = sourcecode.c.objc; path = "UIButton+KZWButton.m"; sourceTree = "<group>"; };
		3059F2C920A1577F00280644 /* KZWBdgeButton.h */ = {isa = PBXFileReference; fileEncoding = 4; lastKnownFileType = sourcecode.c.h; path = KZWBdgeButton.h; sourceTree = "<group>"; };
		3059F2CA20A1577F00280644 /* KZWBaseTextView.h */ = {isa = PBXFileReference; fileEncoding = 4; lastKnownFileType = sourcecode.c.h; path = KZWBaseTextView.h; sourceTree = "<group>"; };
		3059F2CB20A1577F00280644 /* KZWBdgeImage.m */ = {isa = PBXFileReference; fileEncoding = 4; lastKnownFileType = sourcecode.c.objc; path = KZWBdgeImage.m; sourceTree = "<group>"; };
		3059F2CC20A1577F00280644 /* ZYProGressView.h */ = {isa = PBXFileReference; fileEncoding = 4; lastKnownFileType = sourcecode.c.h; path = ZYProGressView.h; sourceTree = "<group>"; };
		3059F2CD20A1577F00280644 /* UIButton+KZWButton.h */ = {isa = PBXFileReference; fileEncoding = 4; lastKnownFileType = sourcecode.c.h; path = "UIButton+KZWButton.h"; sourceTree = "<group>"; };
		3059F2CE20A1577F00280644 /* TPPasswordTextView.h */ = {isa = PBXFileReference; fileEncoding = 4; lastKnownFileType = sourcecode.c.h; path = TPPasswordTextView.h; sourceTree = "<group>"; };
		3059F2CF20A1578000280644 /* KZWBaseTextView.m */ = {isa = PBXFileReference; fileEncoding = 4; lastKnownFileType = sourcecode.c.objc; path = KZWBaseTextView.m; sourceTree = "<group>"; };
		3059F2D020A1578000280644 /* KZWBdgeImage.h */ = {isa = PBXFileReference; fileEncoding = 4; lastKnownFileType = sourcecode.c.h; path = KZWBdgeImage.h; sourceTree = "<group>"; };
		3059F2D120A1578000280644 /* KZWBdgeButton.m */ = {isa = PBXFileReference; fileEncoding = 4; lastKnownFileType = sourcecode.c.objc; path = KZWBdgeButton.m; sourceTree = "<group>"; };
		3059F2D220A1578000280644 /* TPPasswordTextView.m */ = {isa = PBXFileReference; fileEncoding = 4; lastKnownFileType = sourcecode.c.objc; path = TPPasswordTextView.m; sourceTree = "<group>"; };
		3059F2D320A1578000280644 /* KZWNoPasteTextField.h */ = {isa = PBXFileReference; fileEncoding = 4; lastKnownFileType = sourcecode.c.h; path = KZWNoPasteTextField.h; sourceTree = "<group>"; };
		3059F2D420A1578000280644 /* UILabel+KZWLabel.m */ = {isa = PBXFileReference; fileEncoding = 4; lastKnownFileType = sourcecode.c.objc; path = "UILabel+KZWLabel.m"; sourceTree = "<group>"; };
		3059F2D520A1578100280644 /* UICountingLabel.h */ = {isa = PBXFileReference; fileEncoding = 4; lastKnownFileType = sourcecode.c.h; path = UICountingLabel.h; sourceTree = "<group>"; };
		3059F2D620A1578100280644 /* UICountingLabel.m */ = {isa = PBXFileReference; fileEncoding = 4; lastKnownFileType = sourcecode.c.objc; path = UICountingLabel.m; sourceTree = "<group>"; };
		3059F2E120A1578F00280644 /* UINavigationController+KZWBackButtonHandler.m */ = {isa = PBXFileReference; fileEncoding = 4; lastKnownFileType = sourcecode.c.objc; path = "UINavigationController+KZWBackButtonHandler.m"; sourceTree = "<group>"; };
		3059F2E220A1578F00280644 /* UIScrollView+KZWRefresh.m */ = {isa = PBXFileReference; fileEncoding = 4; lastKnownFileType = sourcecode.c.objc; path = "UIScrollView+KZWRefresh.m"; sourceTree = "<group>"; };
		3059F2E320A1579000280644 /* UITabBarItem+WebCache.m */ = {isa = PBXFileReference; fileEncoding = 4; lastKnownFileType = sourcecode.c.objc; path = "UITabBarItem+WebCache.m"; sourceTree = "<group>"; };
		3059F2E420A1579000280644 /* NSString+KZWData.h */ = {isa = PBXFileReference; fileEncoding = 4; lastKnownFileType = sourcecode.c.h; path = "NSString+KZWData.h"; sourceTree = "<group>"; };
		3059F2E520A1579000280644 /* UIControl+Block.m */ = {isa = PBXFileReference; fileEncoding = 4; lastKnownFileType = sourcecode.c.objc; path = "UIControl+Block.m"; sourceTree = "<group>"; };
		3059F2E620A1579000280644 /* UILabel+KZWLineSpace.h */ = {isa = PBXFileReference; fileEncoding = 4; lastKnownFileType = sourcecode.c.h; path = "UILabel+KZWLineSpace.h"; sourceTree = "<group>"; };
		3059F2E720A1579000280644 /* UITabBar+CustomBadge.h */ = {isa = PBXFileReference; fileEncoding = 4; lastKnownFileType = sourcecode.c.h; path = "UITabBar+CustomBadge.h"; sourceTree = "<group>"; };
		3059F2E820A1579000280644 /* NSURL+ELMFoundation.h */ = {isa = PBXFileReference; fileEncoding = 4; lastKnownFileType = sourcecode.c.h; path = "NSURL+ELMFoundation.h"; sourceTree = "<group>"; };
		3059F2E920A1579000280644 /* NSObject+LPDAssociatedObject.m */ = {isa = PBXFileReference; fileEncoding = 4; lastKnownFileType = sourcecode.c.objc; path = "NSObject+LPDAssociatedObject.m"; sourceTree = "<group>"; };
		3059F2EA20A1579100280644 /* NSString+ELMFoundation.m */ = {isa = PBXFileReference; fileEncoding = 4; lastKnownFileType = sourcecode.c.objc; path = "NSString+ELMFoundation.m"; sourceTree = "<group>"; };
		3059F2EB20A1579100280644 /* UIApplication+ELMFoundation.m */ = {isa = PBXFileReference; fileEncoding = 4; lastKnownFileType = sourcecode.c.objc; path = "UIApplication+ELMFoundation.m"; sourceTree = "<group>"; };
		3059F2EC20A1579100280644 /* NSURL+ELMFoundation.m */ = {isa = PBXFileReference; fileEncoding = 4; lastKnownFileType = sourcecode.c.objc; path = "NSURL+ELMFoundation.m"; sourceTree = "<group>"; };
		3059F2ED20A1579100280644 /* ELMKeychainUtil.h */ = {isa = PBXFileReference; fileEncoding = 4; lastKnownFileType = sourcecode.c.h; path = ELMKeychainUtil.h; sourceTree = "<group>"; };
		3059F2EE20A1579100280644 /* NSString+ELMFoundation.h */ = {isa = PBXFileReference; fileEncoding = 4; lastKnownFileType = sourcecode.c.h; path = "NSString+ELMFoundation.h"; sourceTree = "<group>"; };
		3059F2EF20A1579100280644 /* UITabBarItem+WebCache.h */ = {isa = PBXFileReference; fileEncoding = 4; lastKnownFileType = sourcecode.c.h; path = "UITabBarItem+WebCache.h"; sourceTree = "<group>"; };
		3059F2F020A1579200280644 /* UIView+KZWCore.h */ = {isa = PBXFileReference; fileEncoding = 4; lastKnownFileType = sourcecode.c.h; path = "UIView+KZWCore.h"; sourceTree = "<group>"; };
		3059F2F120A1579200280644 /* UIViewController+ELMRouter.h */ = {isa = PBXFileReference; fileEncoding = 4; lastKnownFileType = sourcecode.c.h; path = "UIViewController+ELMRouter.h"; sourceTree = "<group>"; };
		3059F2F220A1579200280644 /* UITabBar+CustomBadge.m */ = {isa = PBXFileReference; fileEncoding = 4; lastKnownFileType = sourcecode.c.objc; path = "UITabBar+CustomBadge.m"; sourceTree = "<group>"; };
		3059F2F320A1579200280644 /* UIImageView+KZWCache.m */ = {isa = PBXFileReference; fileEncoding = 4; lastKnownFileType = sourcecode.c.objc; path = "UIImageView+KZWCache.m"; sourceTree = "<group>"; };
		3059F2F420A1579300280644 /* UINavigationController+KZWBackButtonHandler.h */ = {isa = PBXFileReference; fileEncoding = 4; lastKnownFileType = sourcecode.c.h; path = "UINavigationController+KZWBackButtonHandler.h"; sourceTree = "<group>"; };
		3059F2F520A1579300280644 /* UIScrollView+KZWRefresh.h */ = {isa = PBXFileReference; fileEncoding = 4; lastKnownFileType = sourcecode.c.h; path = "UIScrollView+KZWRefresh.h"; sourceTree = "<group>"; };
		3059F2F620A1579300280644 /* ZYImageCacheManager.m */ = {isa = PBXFileReference; fileEncoding = 4; lastKnownFileType = sourcecode.c.objc; path = ZYImageCacheManager.m; sourceTree = "<group>"; };
		3059F2F720A1579300280644 /* UIImageView+KZWCache.h */ = {isa = PBXFileReference; fileEncoding = 4; lastKnownFileType = sourcecode.c.h; path = "UIImageView+KZWCache.h"; sourceTree = "<group>"; };
		3059F2F820A1579300280644 /* NSObject+Dictionary.m */ = {isa = PBXFileReference; fileEncoding = 4; lastKnownFileType = sourcecode.c.objc; path = "NSObject+Dictionary.m"; sourceTree = "<group>"; };
		3059F2F920A1579300280644 /* UIColor+KZWColor.m */ = {isa = PBXFileReference; fileEncoding = 4; lastKnownFileType = sourcecode.c.objc; path = "UIColor+KZWColor.m"; sourceTree = "<group>"; };
		3059F2FA20A1579300280644 /* UIViewController+ELMRouter.m */ = {isa = PBXFileReference; fileEncoding = 4; lastKnownFileType = sourcecode.c.objc; path = "UIViewController+ELMRouter.m"; sourceTree = "<group>"; };
		3059F2FB20A1579400280644 /* NSError+LPDErrorMessage.m */ = {isa = PBXFileReference; fileEncoding = 4; lastKnownFileType = sourcecode.c.objc; path = "NSError+LPDErrorMessage.m"; sourceTree = "<group>"; };
		3059F2FC20A1579400280644 /* UIColor+KZWColor.h */ = {isa = PBXFileReference; fileEncoding = 4; lastKnownFileType = sourcecode.c.h; path = "UIColor+KZWColor.h"; sourceTree = "<group>"; };
		3059F2FD20A1579400280644 /* NSError+LPDErrorMessage.h */ = {isa = PBXFileReference; fileEncoding = 4; lastKnownFileType = sourcecode.c.h; path = "NSError+LPDErrorMessage.h"; sourceTree = "<group>"; };
		3059F2FE20A1579400280644 /* UIControl+Block.h */ = {isa = PBXFileReference; fileEncoding = 4; lastKnownFileType = sourcecode.c.h; path = "UIControl+Block.h"; sourceTree = "<group>"; };
		3059F2FF20A1579400280644 /* UIApplication+ELMFoundation.h */ = {isa = PBXFileReference; fileEncoding = 4; lastKnownFileType = sourcecode.c.h; path = "UIApplication+ELMFoundation.h"; sourceTree = "<group>"; };
		3059F30020A1579400280644 /* NSObject+LPDAssociatedObject.h */ = {isa = PBXFileReference; fileEncoding = 4; lastKnownFileType = sourcecode.c.h; path = "NSObject+LPDAssociatedObject.h"; sourceTree = "<group>"; };
		3059F30120A1579400280644 /* UILabel+KZWLineSpace.m */ = {isa = PBXFileReference; fileEncoding = 4; lastKnownFileType = sourcecode.c.objc; path = "UILabel+KZWLineSpace.m"; sourceTree = "<group>"; };
		3059F30220A1579500280644 /* UIView+KZWCore.m */ = {isa = PBXFileReference; fileEncoding = 4; lastKnownFileType = sourcecode.c.objc; path = "UIView+KZWCore.m"; sourceTree = "<group>"; };
		3059F30320A1579500280644 /* ZYImageCacheManager.h */ = {isa = PBXFileReference; fileEncoding = 4; lastKnownFileType = sourcecode.c.h; path = ZYImageCacheManager.h; sourceTree = "<group>"; };
		3059F30420A1579500280644 /* ELMKeychainUtil.m */ = {isa = PBXFileReference; fileEncoding = 4; lastKnownFileType = sourcecode.c.objc; path = ELMKeychainUtil.m; sourceTree = "<group>"; };
		3059F30520A1579500280644 /* NSString+KZWData.m */ = {isa = PBXFileReference; fileEncoding = 4; lastKnownFileType = sourcecode.c.objc; path = "NSString+KZWData.m"; sourceTree = "<group>"; };
		3059F30620A1579500280644 /* NSObject+Dictionary.h */ = {isa = PBXFileReference; fileEncoding = 4; lastKnownFileType = sourcecode.c.h; path = "NSObject+Dictionary.h"; sourceTree = "<group>"; };
		3059F31B20A1592700280644 /* ELMEnvironmentManager.h */ = {isa = PBXFileReference; fileEncoding = 4; lastKnownFileType = sourcecode.c.h; path = ELMEnvironmentManager.h; sourceTree = "<group>"; };
		3059F32020A1592800280644 /* KZWTosatView.m */ = {isa = PBXFileReference; fileEncoding = 4; lastKnownFileType = sourcecode.c.objc; path = KZWTosatView.m; sourceTree = "<group>"; };
		3059F32120A1592800280644 /* KZWCorrectLocation.m */ = {isa = PBXFileReference; fileEncoding = 4; lastKnownFileType = sourcecode.c.objc; path = KZWCorrectLocation.m; sourceTree = "<group>"; };
		3059F32220A1592800280644 /* WKCookieSyncManager.h */ = {isa = PBXFileReference; fileEncoding = 4; lastKnownFileType = sourcecode.c.h; path = WKCookieSyncManager.h; sourceTree = "<group>"; };
		3059F32320A1592800280644 /* KZWConstants.m */ = {isa = PBXFileReference; fileEncoding = 4; lastKnownFileType = sourcecode.c.objc; path = KZWConstants.m; sourceTree = "<group>"; };
		3059F32420A1592900280644 /* KZWTosatView.h */ = {isa = PBXFileReference; fileEncoding = 4; lastKnownFileType = sourcecode.c.h; path = KZWTosatView.h; sourceTree = "<group>"; };
		3059F32520A1592900280644 /* WKCookieSyncManager.m */ = {isa = PBXFileReference; fileEncoding = 4; lastKnownFileType = sourcecode.c.objc; path = WKCookieSyncManager.m; sourceTree = "<group>"; };
		3059F32620A1592900280644 /* KZWConstants.h */ = {isa = PBXFileReference; fileEncoding = 4; lastKnownFileType = sourcecode.c.h; path = KZWConstants.h; sourceTree = "<group>"; };
		3059F32720A1592900280644 /* KZWCorrectLocation.h */ = {isa = PBXFileReference; fileEncoding = 4; lastKnownFileType = sourcecode.c.h; path = KZWCorrectLocation.h; sourceTree = "<group>"; };
		3059F32820A1592900280644 /* ELMEnvironmentManager.m */ = {isa = PBXFileReference; fileEncoding = 4; lastKnownFileType = sourcecode.c.objc; path = ELMEnvironmentManager.m; sourceTree = "<group>"; };
		3059F33120A15C3F00280644 /* ELMRouter.m */ = {isa = PBXFileReference; fileEncoding = 4; lastKnownFileType = sourcecode.c.objc; path = ELMRouter.m; sourceTree = "<group>"; };
		3059F33220A15C3F00280644 /* ELMRouter.h */ = {isa = PBXFileReference; fileEncoding = 4; lastKnownFileType = sourcecode.c.h; path = ELMRouter.h; sourceTree = "<group>"; };
		3059F33520A17C1E00280644 /* LPDBHttpManager.h */ = {isa = PBXFileReference; fileEncoding = 4; lastKnownFileType = sourcecode.c.h; path = LPDBHttpManager.h; sourceTree = "<group>"; };
		3059F33620A17C1E00280644 /* LPDBHttpManager.m */ = {isa = PBXFileReference; fileEncoding = 4; lastKnownFileType = sourcecode.c.objc; path = LPDBHttpManager.m; sourceTree = "<group>"; };
		3059F33720A17C1E00280644 /* LPDBModel.h */ = {isa = PBXFileReference; fileEncoding = 4; lastKnownFileType = sourcecode.c.h; path = LPDBModel.h; sourceTree = "<group>"; };
		3059F33820A17C1E00280644 /* LPDBRequestObject.h */ = {isa = PBXFileReference; fileEncoding = 4; lastKnownFileType = sourcecode.c.h; path = LPDBRequestObject.h; sourceTree = "<group>"; };
		3059F33920A17C1E00280644 /* LPDBModel.m */ = {isa = PBXFileReference; fileEncoding = 4; lastKnownFileType = sourcecode.c.objc; path = LPDBModel.m; sourceTree = "<group>"; };
		3059F33A20A17C1E00280644 /* LPDBRequestObject.m */ = {isa = PBXFileReference; fileEncoding = 4; lastKnownFileType = sourcecode.c.objc; path = LPDBRequestObject.m; sourceTree = "<group>"; };
		3059F33E20A184DC00280644 /* CQHUD.m */ = {isa = PBXFileReference; fileEncoding = 4; lastKnownFileType = sourcecode.c.objc; path = CQHUD.m; sourceTree = "<group>"; };
		3059F33F20A184DC00280644 /* CQHUD.h */ = {isa = PBXFileReference; fileEncoding = 4; lastKnownFileType = sourcecode.c.h; path = CQHUD.h; sourceTree = "<group>"; };
		3059F34120A1850200280644 /* KZWVersionModel.h */ = {isa = PBXFileReference; lastKnownFileType = sourcecode.c.h; path = KZWVersionModel.h; sourceTree = "<group>"; };
		3059F34220A1850200280644 /* KZWVersionModel.m */ = {isa = PBXFileReference; lastKnownFileType = sourcecode.c.objc; path = KZWVersionModel.m; sourceTree = "<group>"; };
		3059F34520A1870300280644 /* KZWViewController.h */ = {isa = PBXFileReference; fileEncoding = 4; lastKnownFileType = sourcecode.c.h; path = KZWViewController.h; sourceTree = "<group>"; };
		3059F34620A1870300280644 /* KZWViewController.m */ = {isa = PBXFileReference; fileEncoding = 4; lastKnownFileType = sourcecode.c.objc; path = KZWViewController.m; sourceTree = "<group>"; };
		3059F34820A1870D00280644 /* KZWNetStateView.h */ = {isa = PBXFileReference; fileEncoding = 4; lastKnownFileType = sourcecode.c.h; path = KZWNetStateView.h; sourceTree = "<group>"; };
		3059F34920A1870E00280644 /* KZWNetStateView.m */ = {isa = PBXFileReference; fileEncoding = 4; lastKnownFileType = sourcecode.c.objc; path = KZWNetStateView.m; sourceTree = "<group>"; };
		3059F34B20A1871400280644 /* KZWRequestServerstatus.m */ = {isa = PBXFileReference; fileEncoding = 4; lastKnownFileType = sourcecode.c.objc; path = KZWRequestServerstatus.m; sourceTree = "<group>"; };
		3059F34C20A1871400280644 /* KZWRequestServerstatus.h */ = {isa = PBXFileReference; fileEncoding = 4; lastKnownFileType = sourcecode.c.h; path = KZWRequestServerstatus.h; sourceTree = "<group>"; };
		3059F34E20A1897A00280644 /* KZWFoundationHear.h */ = {isa = PBXFileReference; lastKnownFileType = sourcecode.c.h; path = KZWFoundationHear.h; sourceTree = "<group>"; };
		3059F35320A1A48100280644 /* KZWFundation.bundle */ = {isa = PBXFileReference; lastKnownFileType = "wrapper.plug-in"; path = KZWFundation.bundle; sourceTree = "<group>"; };
		3059F35520A2981C00280644 /* UITableView+KZWTableView.h */ = {isa = PBXFileReference; lastKnownFileType = sourcecode.c.h; path = "UITableView+KZWTableView.h"; sourceTree = "<group>"; };
		3059F35620A2981C00280644 /* UITableView+KZWTableView.m */ = {isa = PBXFileReference; lastKnownFileType = sourcecode.c.objc; path = "UITableView+KZWTableView.m"; sourceTree = "<group>"; };
		3059F35820A2ACA000280644 /* KZWRSAenscryptString.m */ = {isa = PBXFileReference; fileEncoding = 4; lastKnownFileType = sourcecode.c.objc; path = KZWRSAenscryptString.m; sourceTree = "<group>"; };
		3059F35920A2ACA100280644 /* KZWRSAenscryptString.h */ = {isa = PBXFileReference; fileEncoding = 4; lastKnownFileType = sourcecode.c.h; path = KZWRSAenscryptString.h; sourceTree = "<group>"; };
		3059F35A20A2ACA100280644 /* RSA.m */ = {isa = PBXFileReference; fileEncoding = 4; lastKnownFileType = sourcecode.c.objc; path = RSA.m; sourceTree = "<group>"; };
		3059F35B20A2ACA100280644 /* RSA.h */ = {isa = PBXFileReference; fileEncoding = 4; lastKnownFileType = sourcecode.c.h; path = RSA.h; sourceTree = "<group>"; };
		3059F35E20A2ACA800280644 /* KZWJpushModel.h */ = {isa = PBXFileReference; fileEncoding = 4; lastKnownFileType = sourcecode.c.h; path = KZWJpushModel.h; sourceTree = "<group>"; };
		3059F35F20A2ACA800280644 /* KZWJpushModel.m */ = {isa = PBXFileReference; fileEncoding = 4; lastKnownFileType = sourcecode.c.objc; path = KZWJpushModel.m; sourceTree = "<group>"; };
		377F14706E4409356BC86786 /* Pods-KZWFoundationTests.debug.xcconfig */ = {isa = PBXFileReference; includeInIndex = 1; lastKnownFileType = text.xcconfig; name = "Pods-KZWFoundationTests.debug.xcconfig"; path = "Pods/Target Support Files/Pods-KZWFoundationTests/Pods-KZWFoundationTests.debug.xcconfig"; sourceTree = "<group>"; };
		4AADFE66FDD7ED8B82116376 /* Pods_KZWFoundationUITests.framework */ = {isa = PBXFileReference; explicitFileType = wrapper.framework; includeInIndex = 0; path = Pods_KZWFoundationUITests.framework; sourceTree = BUILT_PRODUCTS_DIR; };
		66C316CCC2DB07337DD17E43 /* Pods-KZWFoundationTests.release.xcconfig */ = {isa = PBXFileReference; includeInIndex = 1; lastKnownFileType = text.xcconfig; name = "Pods-KZWFoundationTests.release.xcconfig"; path = "Pods/Target Support Files/Pods-KZWFoundationTests/Pods-KZWFoundationTests.release.xcconfig"; sourceTree = "<group>"; };
		75D768FC5215A28BA95B6C7F /* Pods-KZWFoundationUITests.debug.xcconfig */ = {isa = PBXFileReference; includeInIndex = 1; lastKnownFileType = text.xcconfig; name = "Pods-KZWFoundationUITests.debug.xcconfig"; path = "Pods/Target Support Files/Pods-KZWFoundationUITests/Pods-KZWFoundationUITests.debug.xcconfig"; sourceTree = "<group>"; };
		7B3F002F5D28EEEF363D9602 /* Pods-KZWFoundation.release.xcconfig */ = {isa = PBXFileReference; includeInIndex = 1; lastKnownFileType = text.xcconfig; name = "Pods-KZWFoundation.release.xcconfig"; path = "Pods/Target Support Files/Pods-KZWFoundation/Pods-KZWFoundation.release.xcconfig"; sourceTree = "<group>"; };
		8E4348EBA50876CFE89044A5 /* Pods_KZWFoundation.framework */ = {isa = PBXFileReference; explicitFileType = wrapper.framework; includeInIndex = 0; path = Pods_KZWFoundation.framework; sourceTree = BUILT_PRODUCTS_DIR; };
		C0C3C5BF8F52A4589E4FE9B4 /* Pods-KZWFoundation.debug.xcconfig */ = {isa = PBXFileReference; includeInIndex = 1; lastKnownFileType = text.xcconfig; name = "Pods-KZWFoundation.debug.xcconfig"; path = "Pods/Target Support Files/Pods-KZWFoundation/Pods-KZWFoundation.debug.xcconfig"; sourceTree = "<group>"; };
		D73A020F1DDA7C9090C06FED /* Pods_KZWFoundationTests.framework */ = {isa = PBXFileReference; explicitFileType = wrapper.framework; includeInIndex = 0; path = Pods_KZWFoundationTests.framework; sourceTree = BUILT_PRODUCTS_DIR; };
		DA46756E335471C05E073D6F /* Pods-KZWFoundationUITests.release.xcconfig */ = {isa = PBXFileReference; includeInIndex = 1; lastKnownFileType = text.xcconfig; name = "Pods-KZWFoundationUITests.release.xcconfig"; path = "Pods/Target Support Files/Pods-KZWFoundationUITests/Pods-KZWFoundationUITests.release.xcconfig"; sourceTree = "<group>"; };
/* End PBXFileReference section */

/* Begin PBXFrameworksBuildPhase section */
		3059F28820A1549100280644 /* Frameworks */ = {
			isa = PBXFrameworksBuildPhase;
			buildActionMask = 2147483647;
			files = (
				9199F78F5E55AAC20818E9F2 /* Pods_KZWFoundation.framework in Frameworks */,
			);
			runOnlyForDeploymentPostprocessing = 0;
		};
		3059F2A020A1549300280644 /* Frameworks */ = {
			isa = PBXFrameworksBuildPhase;
			buildActionMask = 2147483647;
			files = (
				6E420BDD38962E8F819E6001 /* Pods_KZWFoundationTests.framework in Frameworks */,
			);
			runOnlyForDeploymentPostprocessing = 0;
		};
		3059F2AB20A1549300280644 /* Frameworks */ = {
			isa = PBXFrameworksBuildPhase;
			buildActionMask = 2147483647;
			files = (
				E03D2FB4F61129D6A8786B59 /* Pods_KZWFoundationUITests.framework in Frameworks */,
			);
			runOnlyForDeploymentPostprocessing = 0;
		};
/* End PBXFrameworksBuildPhase section */

/* Begin PBXGroup section */
		3059F28220A1549100280644 = {
			isa = PBXGroup;
			children = (
				3059F2C020A154AC00280644 /* Classes */,
				3059F28D20A1549100280644 /* KZWFoundation */,
				3059F2A620A1549300280644 /* KZWFoundationTests */,
				3059F2B120A1549300280644 /* KZWFoundationUITests */,
				3059F28C20A1549100280644 /* Products */,
				9E2E8A2E93FADCEB3CD78731 /* Pods */,
				DF92ABF62106BBB7F03598A4 /* Frameworks */,
			);
			sourceTree = "<group>";
		};
		3059F28C20A1549100280644 /* Products */ = {
			isa = PBXGroup;
			children = (
				3059F28B20A1549100280644 /* KZWFoundation.app */,
				3059F2A320A1549300280644 /* KZWFoundationTests.xctest */,
				3059F2AE20A1549300280644 /* KZWFoundationUITests.xctest */,
			);
			name = Products;
			sourceTree = "<group>";
		};
		3059F28D20A1549100280644 /* KZWFoundation */ = {
			isa = PBXGroup;
			children = (
				3059F28E20A1549100280644 /* AppDelegate.h */,
				3059F28F20A1549100280644 /* AppDelegate.m */,
				3059F29120A1549100280644 /* ViewController.h */,
				3059F29220A1549100280644 /* ViewController.m */,
				3059F29420A1549100280644 /* Main.storyboard */,
				3059F29720A1549300280644 /* Assets.xcassets */,
				3059F29920A1549300280644 /* LaunchScreen.storyboard */,
				3059F29C20A1549300280644 /* Info.plist */,
				3059F29D20A1549300280644 /* main.m */,
			);
			path = KZWFoundation;
			sourceTree = "<group>";
		};
		3059F2A620A1549300280644 /* KZWFoundationTests */ = {
			isa = PBXGroup;
			children = (
				3059F2A720A1549300280644 /* KZWFoundationTests.m */,
				3059F2A920A1549300280644 /* Info.plist */,
			);
			path = KZWFoundationTests;
			sourceTree = "<group>";
		};
		3059F2B120A1549300280644 /* KZWFoundationUITests */ = {
			isa = PBXGroup;
			children = (
				3059F2B220A1549300280644 /* KZWFoundationUITests.m */,
				3059F2B420A1549300280644 /* Info.plist */,
			);
			path = KZWFoundationUITests;
			sourceTree = "<group>";
		};
		3059F2C020A154AC00280644 /* Classes */ = {
			isa = PBXGroup;
			children = (
				3059F34E20A1897A00280644 /* KZWFoundationHear.h */,
				3059F34420A186F100280644 /* Controller */,
				3059F33420A17BF800280644 /* NetWork */,
				3059F33020A15C0E00280644 /* Router */,
				3059F31A20A158FD00280644 /* Config */,
				3059F2C220A154CF00280644 /* UI */,
				3059F2C120A154C100280644 /* Category */,
				3059F35220A1A3E200280644 /* Rseouce */,
			);
			path = Classes;
			sourceTree = "<group>";
		};
		3059F2C120A154C100280644 /* Category */ = {
			isa = PBXGroup;
			children = (
				3059F2ED20A1579100280644 /* ELMKeychainUtil.h */,
				3059F30420A1579500280644 /* ELMKeychainUtil.m */,
				3059F2FD20A1579400280644 /* NSError+LPDErrorMessage.h */,
				3059F2FB20A1579400280644 /* NSError+LPDErrorMessage.m */,
				3059F30620A1579500280644 /* NSObject+Dictionary.h */,
				3059F2F820A1579300280644 /* NSObject+Dictionary.m */,
				3059F30020A1579400280644 /* NSObject+LPDAssociatedObject.h */,
				3059F2E920A1579000280644 /* NSObject+LPDAssociatedObject.m */,
				3059F2EE20A1579100280644 /* NSString+ELMFoundation.h */,
				3059F2EA20A1579100280644 /* NSString+ELMFoundation.m */,
				3059F2E420A1579000280644 /* NSString+KZWData.h */,
				3059F30520A1579500280644 /* NSString+KZWData.m */,
				3059F2E820A1579000280644 /* NSURL+ELMFoundation.h */,
				3059F2EC20A1579100280644 /* NSURL+ELMFoundation.m */,
				3059F2FF20A1579400280644 /* UIApplication+ELMFoundation.h */,
				3059F2EB20A1579100280644 /* UIApplication+ELMFoundation.m */,
				3059F2FC20A1579400280644 /* UIColor+KZWColor.h */,
				3059F2F920A1579300280644 /* UIColor+KZWColor.m */,
				3059F2FE20A1579400280644 /* UIControl+Block.h */,
				3059F2E520A1579000280644 /* UIControl+Block.m */,
				3059F2F720A1579300280644 /* UIImageView+KZWCache.h */,
				3059F2F320A1579200280644 /* UIImageView+KZWCache.m */,
				3059F2E620A1579000280644 /* UILabel+KZWLineSpace.h */,
				3059F30120A1579400280644 /* UILabel+KZWLineSpace.m */,
				3059F2F420A1579300280644 /* UINavigationController+KZWBackButtonHandler.h */,
				3059F2E120A1578F00280644 /* UINavigationController+KZWBackButtonHandler.m */,
				3059F2F520A1579300280644 /* UIScrollView+KZWRefresh.h */,
				3059F2E220A1578F00280644 /* UIScrollView+KZWRefresh.m */,
				3059F2E720A1579000280644 /* UITabBar+CustomBadge.h */,
				3059F2F220A1579200280644 /* UITabBar+CustomBadge.m */,
				3059F2EF20A1579100280644 /* UITabBarItem+WebCache.h */,
				3059F2E320A1579000280644 /* UITabBarItem+WebCache.m */,
				3059F2F020A1579200280644 /* UIView+KZWCore.h */,
				3059F30220A1579500280644 /* UIView+KZWCore.m */,
				3059F30320A1579500280644 /* ZYImageCacheManager.h */,
				3059F2F620A1579300280644 /* ZYImageCacheManager.m */,
			);
			path = Category;
			sourceTree = "<group>";
		};
		3059F2C220A154CF00280644 /* UI */ = {
			isa = PBXGroup;
			children = (
				3059F34120A1850200280644 /* KZWVersionModel.h */,
				3059F34220A1850200280644 /* KZWVersionModel.m */,
				3059F33F20A184DC00280644 /* CQHUD.h */,
				3059F33E20A184DC00280644 /* CQHUD.m */,
				3059F2D520A1578100280644 /* UICountingLabel.h */,
				3059F2D620A1578100280644 /* UICountingLabel.m */,
				3059F2CC20A1577F00280644 /* ZYProGressView.h */,
				3059F2C520A1577E00280644 /* ZYProGressView.m */,
				3059F2CE20A1577F00280644 /* TPPasswordTextView.h */,
				3059F2D220A1578000280644 /* TPPasswordTextView.m */,
				3059F2D320A1578000280644 /* KZWNoPasteTextField.h */,
				3059F2C420A1577E00280644 /* KZWNoPasteTextField.m */,
				3059F2C320A1577D00280644 /* KZWBaseTextField.h */,
				3059F2C620A1577E00280644 /* KZWBaseTextField.m */,
				3059F2C720A1577E00280644 /* UILabel+KZWLabel.h */,
				3059F2D420A1578000280644 /* UILabel+KZWLabel.m */,
				3059F2CD20A1577F00280644 /* UIButton+KZWButton.h */,
				3059F2C820A1577E00280644 /* UIButton+KZWButton.m */,
				3059F2CA20A1577F00280644 /* KZWBaseTextView.h */,
				3059F2CF20A1578000280644 /* KZWBaseTextView.m */,
				3059F2C920A1577F00280644 /* KZWBdgeButton.h */,
				3059F2D120A1578000280644 /* KZWBdgeButton.m */,
				3059F2D020A1578000280644 /* KZWBdgeImage.h */,
				3059F2CB20A1577F00280644 /* KZWBdgeImage.m */,
				3059F35520A2981C00280644 /* UITableView+KZWTableView.h */,
				3059F35620A2981C00280644 /* UITableView+KZWTableView.m */,
			);
			path = UI;
			sourceTree = "<group>";
		};
		3059F31A20A158FD00280644 /* Config */ = {
			isa = PBXGroup;
			children = (
				3059F35E20A2ACA800280644 /* KZWJpushModel.h */,
				3059F35F20A2ACA800280644 /* KZWJpushModel.m */,
				3059F35B20A2ACA100280644 /* RSA.h */,
				3059F35A20A2ACA100280644 /* RSA.m */,
				3059F35920A2ACA100280644 /* KZWRSAenscryptString.h */,
				3059F35820A2ACA000280644 /* KZWRSAenscryptString.m */,
				3059F31B20A1592700280644 /* ELMEnvironmentManager.h */,
				3059F32820A1592900280644 /* ELMEnvironmentManager.m */,
				3059F32620A1592900280644 /* KZWConstants.h */,
				3059F32320A1592800280644 /* KZWConstants.m */,
				3059F32720A1592900280644 /* KZWCorrectLocation.h */,
				3059F32120A1592800280644 /* KZWCorrectLocation.m */,
				3059F32420A1592900280644 /* KZWTosatView.h */,
				3059F32020A1592800280644 /* KZWTosatView.m */,
				3059F32220A1592800280644 /* WKCookieSyncManager.h */,
				3059F32520A1592900280644 /* WKCookieSyncManager.m */,
			);
			path = Config;
			sourceTree = "<group>";
		};
		3059F33020A15C0E00280644 /* Router */ = {
			isa = PBXGroup;
			children = (
				3059F2F120A1579200280644 /* UIViewController+ELMRouter.h */,
				3059F2FA20A1579300280644 /* UIViewController+ELMRouter.m */,
				3059F33220A15C3F00280644 /* ELMRouter.h */,
				3059F33120A15C3F00280644 /* ELMRouter.m */,
			);
			path = Router;
			sourceTree = "<group>";
		};
		3059F33420A17BF800280644 /* NetWork */ = {
			isa = PBXGroup;
			children = (
				3059F33820A17C1E00280644 /* LPDBRequestObject.h */,
				3059F33A20A17C1E00280644 /* LPDBRequestObject.m */,
				3059F33520A17C1E00280644 /* LPDBHttpManager.h */,
				3059F33620A17C1E00280644 /* LPDBHttpManager.m */,
				3059F33720A17C1E00280644 /* LPDBModel.h */,
				3059F33920A17C1E00280644 /* LPDBModel.m */,
			);
			path = NetWork;
			sourceTree = "<group>";
		};
		3059F34420A186F100280644 /* Controller */ = {
			isa = PBXGroup;
			children = (
				3059F34C20A1871400280644 /* KZWRequestServerstatus.h */,
				3059F34B20A1871400280644 /* KZWRequestServerstatus.m */,
				3059F34820A1870D00280644 /* KZWNetStateView.h */,
				3059F34920A1870E00280644 /* KZWNetStateView.m */,
				3059F34520A1870300280644 /* KZWViewController.h */,
				3059F34620A1870300280644 /* KZWViewController.m */,
			);
			path = Controller;
			sourceTree = "<group>";
		};
		3059F35220A1A3E200280644 /* Rseouce */ = {
			isa = PBXGroup;
			children = (
				3059F35320A1A48100280644 /* KZWFundation.bundle */,
			);
			path = Rseouce;
			sourceTree = "<group>";
		};
		9E2E8A2E93FADCEB3CD78731 /* Pods */ = {
			isa = PBXGroup;
			children = (
				C0C3C5BF8F52A4589E4FE9B4 /* Pods-KZWFoundation.debug.xcconfig */,
				7B3F002F5D28EEEF363D9602 /* Pods-KZWFoundation.release.xcconfig */,
				377F14706E4409356BC86786 /* Pods-KZWFoundationTests.debug.xcconfig */,
				66C316CCC2DB07337DD17E43 /* Pods-KZWFoundationTests.release.xcconfig */,
				75D768FC5215A28BA95B6C7F /* Pods-KZWFoundationUITests.debug.xcconfig */,
				DA46756E335471C05E073D6F /* Pods-KZWFoundationUITests.release.xcconfig */,
			);
			name = Pods;
			sourceTree = "<group>";
		};
		DF92ABF62106BBB7F03598A4 /* Frameworks */ = {
			isa = PBXGroup;
			children = (
				8E4348EBA50876CFE89044A5 /* Pods_KZWFoundation.framework */,
				D73A020F1DDA7C9090C06FED /* Pods_KZWFoundationTests.framework */,
				4AADFE66FDD7ED8B82116376 /* Pods_KZWFoundationUITests.framework */,
			);
			name = Frameworks;
			sourceTree = "<group>";
		};
/* End PBXGroup section */

/* Begin PBXNativeTarget section */
		3059F28A20A1549100280644 /* KZWFoundation */ = {
			isa = PBXNativeTarget;
			buildConfigurationList = 3059F2B720A1549300280644 /* Build configuration list for PBXNativeTarget "KZWFoundation" */;
			buildPhases = (
				5EB8BCF71ACA2171FCCC4043 /* [CP] Check Pods Manifest.lock */,
				3059F28720A1549100280644 /* Sources */,
				3059F28820A1549100280644 /* Frameworks */,
				3059F28920A1549100280644 /* Resources */,
				CC6AAE3F9F7CFB060F75DAE5 /* [CP] Embed Pods Frameworks */,
			);
			buildRules = (
			);
			dependencies = (
			);
			name = KZWFoundation;
			productName = KZWFoundation;
			productReference = 3059F28B20A1549100280644 /* KZWFoundation.app */;
			productType = "com.apple.product-type.application";
		};
		3059F2A220A1549300280644 /* KZWFoundationTests */ = {
			isa = PBXNativeTarget;
			buildConfigurationList = 3059F2BA20A1549300280644 /* Build configuration list for PBXNativeTarget "KZWFoundationTests" */;
			buildPhases = (
				62B5315E6006F4F862BCAE6A /* [CP] Check Pods Manifest.lock */,
				3059F29F20A1549300280644 /* Sources */,
				3059F2A020A1549300280644 /* Frameworks */,
				3059F2A120A1549300280644 /* Resources */,
			);
			buildRules = (
			);
			dependencies = (
				3059F2A520A1549300280644 /* PBXTargetDependency */,
			);
			name = KZWFoundationTests;
			productName = KZWFoundationTests;
			productReference = 3059F2A320A1549300280644 /* KZWFoundationTests.xctest */;
			productType = "com.apple.product-type.bundle.unit-test";
		};
		3059F2AD20A1549300280644 /* KZWFoundationUITests */ = {
			isa = PBXNativeTarget;
			buildConfigurationList = 3059F2BD20A1549300280644 /* Build configuration list for PBXNativeTarget "KZWFoundationUITests" */;
			buildPhases = (
				63F2428904A204329D1F8CB6 /* [CP] Check Pods Manifest.lock */,
				3059F2AA20A1549300280644 /* Sources */,
				3059F2AB20A1549300280644 /* Frameworks */,
				3059F2AC20A1549300280644 /* Resources */,
			);
			buildRules = (
			);
			dependencies = (
				3059F2B020A1549300280644 /* PBXTargetDependency */,
			);
			name = KZWFoundationUITests;
			productName = KZWFoundationUITests;
			productReference = 3059F2AE20A1549300280644 /* KZWFoundationUITests.xctest */;
			productType = "com.apple.product-type.bundle.ui-testing";
		};
/* End PBXNativeTarget section */

/* Begin PBXProject section */
		3059F28320A1549100280644 /* Project object */ = {
			isa = PBXProject;
			attributes = {
				LastUpgradeCheck = 0930;
				ORGANIZATIONNAME = ouyang;
				TargetAttributes = {
					3059F28A20A1549100280644 = {
						CreatedOnToolsVersion = 9.3;
					};
					3059F2A220A1549300280644 = {
						CreatedOnToolsVersion = 9.3;
						TestTargetID = 3059F28A20A1549100280644;
					};
					3059F2AD20A1549300280644 = {
						CreatedOnToolsVersion = 9.3;
						TestTargetID = 3059F28A20A1549100280644;
					};
				};
			};
			buildConfigurationList = 3059F28620A1549100280644 /* Build configuration list for PBXProject "KZWFoundation" */;
			compatibilityVersion = "Xcode 9.3";
			developmentRegion = en;
			hasScannedForEncodings = 0;
			knownRegions = (
				en,
				Base,
			);
			mainGroup = 3059F28220A1549100280644;
			productRefGroup = 3059F28C20A1549100280644 /* Products */;
			projectDirPath = "";
			projectRoot = "";
			targets = (
				3059F28A20A1549100280644 /* KZWFoundation */,
				3059F2A220A1549300280644 /* KZWFoundationTests */,
				3059F2AD20A1549300280644 /* KZWFoundationUITests */,
			);
		};
/* End PBXProject section */

/* Begin PBXResourcesBuildPhase section */
		3059F28920A1549100280644 /* Resources */ = {
			isa = PBXResourcesBuildPhase;
			buildActionMask = 2147483647;
			files = (
				3059F29B20A1549300280644 /* LaunchScreen.storyboard in Resources */,
				3059F29820A1549300280644 /* Assets.xcassets in Resources */,
				3059F29620A1549100280644 /* Main.storyboard in Resources */,
				3059F35420A1A48100280644 /* KZWFundation.bundle in Resources */,
			);
			runOnlyForDeploymentPostprocessing = 0;
		};
		3059F2A120A1549300280644 /* Resources */ = {
			isa = PBXResourcesBuildPhase;
			buildActionMask = 2147483647;
			files = (
			);
			runOnlyForDeploymentPostprocessing = 0;
		};
		3059F2AC20A1549300280644 /* Resources */ = {
			isa = PBXResourcesBuildPhase;
			buildActionMask = 2147483647;
			files = (
			);
			runOnlyForDeploymentPostprocessing = 0;
		};
/* End PBXResourcesBuildPhase section */

/* Begin PBXShellScriptBuildPhase section */
		5EB8BCF71ACA2171FCCC4043 /* [CP] Check Pods Manifest.lock */ = {
			isa = PBXShellScriptBuildPhase;
			buildActionMask = 2147483647;
			files = (
			);
			inputPaths = (
				"${PODS_PODFILE_DIR_PATH}/Podfile.lock",
				"${PODS_ROOT}/Manifest.lock",
			);
			name = "[CP] Check Pods Manifest.lock";
			outputPaths = (
				"$(DERIVED_FILE_DIR)/Pods-KZWFoundation-checkManifestLockResult.txt",
			);
			runOnlyForDeploymentPostprocessing = 0;
			shellPath = /bin/sh;
			shellScript = "diff \"${PODS_PODFILE_DIR_PATH}/Podfile.lock\" \"${PODS_ROOT}/Manifest.lock\" > /dev/null\nif [ $? != 0 ] ; then\n    # print error to STDERR\n    echo \"error: The sandbox is not in sync with the Podfile.lock. Run 'pod install' or update your CocoaPods installation.\" >&2\n    exit 1\nfi\n# This output is used by Xcode 'outputs' to avoid re-running this script phase.\necho \"SUCCESS\" > \"${SCRIPT_OUTPUT_FILE_0}\"\n";
			showEnvVarsInLog = 0;
		};
		62B5315E6006F4F862BCAE6A /* [CP] Check Pods Manifest.lock */ = {
			isa = PBXShellScriptBuildPhase;
			buildActionMask = 2147483647;
			files = (
			);
			inputPaths = (
				"${PODS_PODFILE_DIR_PATH}/Podfile.lock",
				"${PODS_ROOT}/Manifest.lock",
			);
			name = "[CP] Check Pods Manifest.lock";
			outputPaths = (
				"$(DERIVED_FILE_DIR)/Pods-KZWFoundationTests-checkManifestLockResult.txt",
			);
			runOnlyForDeploymentPostprocessing = 0;
			shellPath = /bin/sh;
			shellScript = "diff \"${PODS_PODFILE_DIR_PATH}/Podfile.lock\" \"${PODS_ROOT}/Manifest.lock\" > /dev/null\nif [ $? != 0 ] ; then\n    # print error to STDERR\n    echo \"error: The sandbox is not in sync with the Podfile.lock. Run 'pod install' or update your CocoaPods installation.\" >&2\n    exit 1\nfi\n# This output is used by Xcode 'outputs' to avoid re-running this script phase.\necho \"SUCCESS\" > \"${SCRIPT_OUTPUT_FILE_0}\"\n";
			showEnvVarsInLog = 0;
		};
		63F2428904A204329D1F8CB6 /* [CP] Check Pods Manifest.lock */ = {
			isa = PBXShellScriptBuildPhase;
			buildActionMask = 2147483647;
			files = (
			);
			inputPaths = (
				"${PODS_PODFILE_DIR_PATH}/Podfile.lock",
				"${PODS_ROOT}/Manifest.lock",
			);
			name = "[CP] Check Pods Manifest.lock";
			outputPaths = (
				"$(DERIVED_FILE_DIR)/Pods-KZWFoundationUITests-checkManifestLockResult.txt",
			);
			runOnlyForDeploymentPostprocessing = 0;
			shellPath = /bin/sh;
			shellScript = "diff \"${PODS_PODFILE_DIR_PATH}/Podfile.lock\" \"${PODS_ROOT}/Manifest.lock\" > /dev/null\nif [ $? != 0 ] ; then\n    # print error to STDERR\n    echo \"error: The sandbox is not in sync with the Podfile.lock. Run 'pod install' or update your CocoaPods installation.\" >&2\n    exit 1\nfi\n# This output is used by Xcode 'outputs' to avoid re-running this script phase.\necho \"SUCCESS\" > \"${SCRIPT_OUTPUT_FILE_0}\"\n";
			showEnvVarsInLog = 0;
		};
		CC6AAE3F9F7CFB060F75DAE5 /* [CP] Embed Pods Frameworks */ = {
			isa = PBXShellScriptBuildPhase;
			buildActionMask = 2147483647;
			files = (
			);
			inputPaths = (
				"${SRCROOT}/Pods/Target Support Files/Pods-KZWFoundation/Pods-KZWFoundation-frameworks.sh",
				"${BUILT_PRODUCTS_DIR}/AFNetworking/AFNetworking.framework",
				"${BUILT_PRODUCTS_DIR}/Aspects/Aspects.framework",
				"${BUILT_PRODUCTS_DIR}/KZWFoundation/KZWFoundation.framework",
				"${BUILT_PRODUCTS_DIR}/MBProgressHUD/MBProgressHUD.framework",
				"${BUILT_PRODUCTS_DIR}/MJRefresh/MJRefresh.framework",
				"${BUILT_PRODUCTS_DIR}/Mantle/Mantle.framework",
				"${BUILT_PRODUCTS_DIR}/Masonry/Masonry.framework",
				"${BUILT_PRODUCTS_DIR}/SAMKeychain/SAMKeychain.framework",
				"${BUILT_PRODUCTS_DIR}/dsBridge/dsBridge.framework",
			);
			name = "[CP] Embed Pods Frameworks";
			outputPaths = (
				"${TARGET_BUILD_DIR}/${FRAMEWORKS_FOLDER_PATH}/AFNetworking.framework",
				"${TARGET_BUILD_DIR}/${FRAMEWORKS_FOLDER_PATH}/Aspects.framework",
				"${TARGET_BUILD_DIR}/${FRAMEWORKS_FOLDER_PATH}/KZWFoundation.framework",
				"${TARGET_BUILD_DIR}/${FRAMEWORKS_FOLDER_PATH}/MBProgressHUD.framework",
				"${TARGET_BUILD_DIR}/${FRAMEWORKS_FOLDER_PATH}/MJRefresh.framework",
				"${TARGET_BUILD_DIR}/${FRAMEWORKS_FOLDER_PATH}/Mantle.framework",
				"${TARGET_BUILD_DIR}/${FRAMEWORKS_FOLDER_PATH}/Masonry.framework",
				"${TARGET_BUILD_DIR}/${FRAMEWORKS_FOLDER_PATH}/SAMKeychain.framework",
				"${TARGET_BUILD_DIR}/${FRAMEWORKS_FOLDER_PATH}/dsBridge.framework",
			);
			runOnlyForDeploymentPostprocessing = 0;
			shellPath = /bin/sh;
			shellScript = "\"${SRCROOT}/Pods/Target Support Files/Pods-KZWFoundation/Pods-KZWFoundation-frameworks.sh\"\n";
			showEnvVarsInLog = 0;
		};
/* End PBXShellScriptBuildPhase section */

/* Begin PBXSourcesBuildPhase section */
		3059F28720A1549100280644 /* Sources */ = {
			isa = PBXSourcesBuildPhase;
			buildActionMask = 2147483647;
			files = (
				3059F33B20A17C1F00280644 /* LPDBHttpManager.m in Sources */,
				3059F30F20A1579500280644 /* UITabBar+CustomBadge.m in Sources */,
				3059F30820A1579500280644 /* UIScrollView+KZWRefresh.m in Sources */,
				3059F31420A1579500280644 /* UIViewController+ELMRouter.m in Sources */,
				3059F30720A1579500280644 /* UINavigationController+KZWBackButtonHandler.m in Sources */,
				3059F34720A1870300280644 /* KZWViewController.m in Sources */,
				3059F31220A1579500280644 /* NSObject+Dictionary.m in Sources */,
				3059F32E20A1592900280644 /* WKCookieSyncManager.m in Sources */,
				3059F31520A1579500280644 /* NSError+LPDErrorMessage.m in Sources */,
				3059F35720A2981C00280644 /* UITableView+KZWTableView.m in Sources */,
				3059F31920A1579500280644 /* NSString+KZWData.m in Sources */,
				3059F33C20A17C1F00280644 /* LPDBModel.m in Sources */,
				3059F29320A1549100280644 /* ViewController.m in Sources */,
				3059F31020A1579500280644 /* UIImageView+KZWCache.m in Sources */,
				3059F35D20A2ACA100280644 /* RSA.m in Sources */,
				3059F32C20A1592900280644 /* KZWCorrectLocation.m in Sources */,
				3059F31720A1579500280644 /* UIView+KZWCore.m in Sources */,
				3059F31620A1579500280644 /* UILabel+KZWLineSpace.m in Sources */,
				3059F2D920A1578100280644 /* KZWBaseTextField.m in Sources */,
				3059F34D20A1871400280644 /* KZWRequestServerstatus.m in Sources */,
				3059F2DB20A1578100280644 /* KZWBdgeImage.m in Sources */,
				3059F29E20A1549300280644 /* main.m in Sources */,
				3059F2DD20A1578100280644 /* KZWBdgeButton.m in Sources */,
				3059F31320A1579500280644 /* UIColor+KZWColor.m in Sources */,
				3059F2E020A1578100280644 /* UICountingLabel.m in Sources */,
				3059F34020A184DD00280644 /* CQHUD.m in Sources */,
				3059F34320A1850200280644 /* KZWVersionModel.m in Sources */,
				3059F33D20A17C1F00280644 /* LPDBRequestObject.m in Sources */,
				3059F30920A1579500280644 /* UITabBarItem+WebCache.m in Sources */,
				3059F2DC20A1578100280644 /* KZWBaseTextView.m in Sources */,
				3059F30D20A1579500280644 /* UIApplication+ELMFoundation.m in Sources */,
				3059F30C20A1579500280644 /* NSString+ELMFoundation.m in Sources */,
				3059F34A20A1870E00280644 /* KZWNetStateView.m in Sources */,
				3059F2DF20A1578100280644 /* UILabel+KZWLabel.m in Sources */,
				3059F30A20A1579500280644 /* UIControl+Block.m in Sources */,
				3059F35C20A2ACA100280644 /* KZWRSAenscryptString.m in Sources */,
				3059F32D20A1592900280644 /* KZWConstants.m in Sources */,
				3059F2DE20A1578100280644 /* TPPasswordTextView.m in Sources */,
				3059F30B20A1579500280644 /* NSObject+LPDAssociatedObject.m in Sources */,
				3059F32F20A1592900280644 /* ELMEnvironmentManager.m in Sources */,
				3059F2D820A1578100280644 /* ZYProGressView.m in Sources */,
				3059F32B20A1592900280644 /* KZWTosatView.m in Sources */,
				3059F33320A15C3F00280644 /* ELMRouter.m in Sources */,
				3059F31820A1579500280644 /* ELMKeychainUtil.m in Sources */,
				3059F29020A1549100280644 /* AppDelegate.m in Sources */,
				3059F2D720A1578100280644 /* KZWNoPasteTextField.m in Sources */,
				3059F31120A1579500280644 /* ZYImageCacheManager.m in Sources */,
				3059F36020A2ACA800280644 /* KZWJpushModel.m in Sources */,
				3059F30E20A1579500280644 /* NSURL+ELMFoundation.m in Sources */,
				3059F2DA20A1578100280644 /* UIButton+KZWButton.m in Sources */,
			);
			runOnlyForDeploymentPostprocessing = 0;
		};
		3059F29F20A1549300280644 /* Sources */ = {
			isa = PBXSourcesBuildPhase;
			buildActionMask = 2147483647;
			files = (
				3059F2A820A1549300280644 /* KZWFoundationTests.m in Sources */,
			);
			runOnlyForDeploymentPostprocessing = 0;
		};
		3059F2AA20A1549300280644 /* Sources */ = {
			isa = PBXSourcesBuildPhase;
			buildActionMask = 2147483647;
			files = (
				3059F2B320A1549300280644 /* KZWFoundationUITests.m in Sources */,
			);
			runOnlyForDeploymentPostprocessing = 0;
		};
/* End PBXSourcesBuildPhase section */

/* Begin PBXTargetDependency section */
		3059F2A520A1549300280644 /* PBXTargetDependency */ = {
			isa = PBXTargetDependency;
			target = 3059F28A20A1549100280644 /* KZWFoundation */;
			targetProxy = 3059F2A420A1549300280644 /* PBXContainerItemProxy */;
		};
		3059F2B020A1549300280644 /* PBXTargetDependency */ = {
			isa = PBXTargetDependency;
			target = 3059F28A20A1549100280644 /* KZWFoundation */;
			targetProxy = 3059F2AF20A1549300280644 /* PBXContainerItemProxy */;
		};
/* End PBXTargetDependency section */

/* Begin PBXVariantGroup section */
		3059F29420A1549100280644 /* Main.storyboard */ = {
			isa = PBXVariantGroup;
			children = (
				3059F29520A1549100280644 /* Base */,
			);
			name = Main.storyboard;
			sourceTree = "<group>";
		};
		3059F29920A1549300280644 /* LaunchScreen.storyboard */ = {
			isa = PBXVariantGroup;
			children = (
				3059F29A20A1549300280644 /* Base */,
			);
			name = LaunchScreen.storyboard;
			sourceTree = "<group>";
		};
/* End PBXVariantGroup section */

/* Begin XCBuildConfiguration section */
		3059F2B520A1549300280644 /* Debug */ = {
			isa = XCBuildConfiguration;
			buildSettings = {
				ALWAYS_SEARCH_USER_PATHS = NO;
				CLANG_ANALYZER_NONNULL = YES;
				CLANG_ANALYZER_NUMBER_OBJECT_CONVERSION = YES_AGGRESSIVE;
				CLANG_CXX_LANGUAGE_STANDARD = "gnu++14";
				CLANG_CXX_LIBRARY = "libc++";
				CLANG_ENABLE_MODULES = YES;
				CLANG_ENABLE_OBJC_ARC = YES;
				CLANG_ENABLE_OBJC_WEAK = YES;
				CLANG_WARN_BLOCK_CAPTURE_AUTORELEASING = YES;
				CLANG_WARN_BOOL_CONVERSION = YES;
				CLANG_WARN_COMMA = YES;
				CLANG_WARN_CONSTANT_CONVERSION = YES;
				CLANG_WARN_DEPRECATED_OBJC_IMPLEMENTATIONS = YES;
				CLANG_WARN_DIRECT_OBJC_ISA_USAGE = YES_ERROR;
				CLANG_WARN_DOCUMENTATION_COMMENTS = YES;
				CLANG_WARN_EMPTY_BODY = YES;
				CLANG_WARN_ENUM_CONVERSION = YES;
				CLANG_WARN_INFINITE_RECURSION = YES;
				CLANG_WARN_INT_CONVERSION = YES;
				CLANG_WARN_NON_LITERAL_NULL_CONVERSION = YES;
				CLANG_WARN_OBJC_IMPLICIT_RETAIN_SELF = YES;
				CLANG_WARN_OBJC_LITERAL_CONVERSION = YES;
				CLANG_WARN_OBJC_ROOT_CLASS = YES_ERROR;
				CLANG_WARN_RANGE_LOOP_ANALYSIS = YES;
				CLANG_WARN_STRICT_PROTOTYPES = YES;
				CLANG_WARN_SUSPICIOUS_MOVE = YES;
				CLANG_WARN_UNGUARDED_AVAILABILITY = YES_AGGRESSIVE;
				CLANG_WARN_UNREACHABLE_CODE = YES;
				CLANG_WARN__DUPLICATE_METHOD_MATCH = YES;
				CODE_SIGN_IDENTITY = "iPhone Developer";
				COPY_PHASE_STRIP = NO;
				DEBUG_INFORMATION_FORMAT = dwarf;
				ENABLE_STRICT_OBJC_MSGSEND = YES;
				ENABLE_TESTABILITY = YES;
				GCC_C_LANGUAGE_STANDARD = gnu11;
				GCC_DYNAMIC_NO_PIC = NO;
				GCC_NO_COMMON_BLOCKS = YES;
				GCC_OPTIMIZATION_LEVEL = 0;
				GCC_PREPROCESSOR_DEFINITIONS = (
					"DEBUG=1",
					"$(inherited)",
				);
				GCC_WARN_64_TO_32_BIT_CONVERSION = YES;
				GCC_WARN_ABOUT_RETURN_TYPE = YES_ERROR;
				GCC_WARN_UNDECLARED_SELECTOR = YES;
				GCC_WARN_UNINITIALIZED_AUTOS = YES_AGGRESSIVE;
				GCC_WARN_UNUSED_FUNCTION = YES;
				GCC_WARN_UNUSED_VARIABLE = YES;
				IPHONEOS_DEPLOYMENT_TARGET = 11.3;
				MTL_ENABLE_DEBUG_INFO = YES;
				ONLY_ACTIVE_ARCH = YES;
				SDKROOT = iphoneos;
			};
			name = Debug;
		};
		3059F2B620A1549300280644 /* Release */ = {
			isa = XCBuildConfiguration;
			buildSettings = {
				ALWAYS_SEARCH_USER_PATHS = NO;
				CLANG_ANALYZER_NONNULL = YES;
				CLANG_ANALYZER_NUMBER_OBJECT_CONVERSION = YES_AGGRESSIVE;
				CLANG_CXX_LANGUAGE_STANDARD = "gnu++14";
				CLANG_CXX_LIBRARY = "libc++";
				CLANG_ENABLE_MODULES = YES;
				CLANG_ENABLE_OBJC_ARC = YES;
				CLANG_ENABLE_OBJC_WEAK = YES;
				CLANG_WARN_BLOCK_CAPTURE_AUTORELEASING = YES;
				CLANG_WARN_BOOL_CONVERSION = YES;
				CLANG_WARN_COMMA = YES;
				CLANG_WARN_CONSTANT_CONVERSION = YES;
				CLANG_WARN_DEPRECATED_OBJC_IMPLEMENTATIONS = YES;
				CLANG_WARN_DIRECT_OBJC_ISA_USAGE = YES_ERROR;
				CLANG_WARN_DOCUMENTATION_COMMENTS = YES;
				CLANG_WARN_EMPTY_BODY = YES;
				CLANG_WARN_ENUM_CONVERSION = YES;
				CLANG_WARN_INFINITE_RECURSION = YES;
				CLANG_WARN_INT_CONVERSION = YES;
				CLANG_WARN_NON_LITERAL_NULL_CONVERSION = YES;
				CLANG_WARN_OBJC_IMPLICIT_RETAIN_SELF = YES;
				CLANG_WARN_OBJC_LITERAL_CONVERSION = YES;
				CLANG_WARN_OBJC_ROOT_CLASS = YES_ERROR;
				CLANG_WARN_RANGE_LOOP_ANALYSIS = YES;
				CLANG_WARN_STRICT_PROTOTYPES = YES;
				CLANG_WARN_SUSPICIOUS_MOVE = YES;
				CLANG_WARN_UNGUARDED_AVAILABILITY = YES_AGGRESSIVE;
				CLANG_WARN_UNREACHABLE_CODE = YES;
				CLANG_WARN__DUPLICATE_METHOD_MATCH = YES;
				CODE_SIGN_IDENTITY = "iPhone Developer";
				COPY_PHASE_STRIP = NO;
				DEBUG_INFORMATION_FORMAT = "dwarf-with-dsym";
				ENABLE_NS_ASSERTIONS = NO;
				ENABLE_STRICT_OBJC_MSGSEND = YES;
				GCC_C_LANGUAGE_STANDARD = gnu11;
				GCC_NO_COMMON_BLOCKS = YES;
				GCC_WARN_64_TO_32_BIT_CONVERSION = YES;
				GCC_WARN_ABOUT_RETURN_TYPE = YES_ERROR;
				GCC_WARN_UNDECLARED_SELECTOR = YES;
				GCC_WARN_UNINITIALIZED_AUTOS = YES_AGGRESSIVE;
				GCC_WARN_UNUSED_FUNCTION = YES;
				GCC_WARN_UNUSED_VARIABLE = YES;
				IPHONEOS_DEPLOYMENT_TARGET = 11.3;
				MTL_ENABLE_DEBUG_INFO = NO;
				SDKROOT = iphoneos;
				VALIDATE_PRODUCT = YES;
			};
			name = Release;
		};
		3059F2B820A1549300280644 /* Debug */ = {
			isa = XCBuildConfiguration;
			baseConfigurationReference = C0C3C5BF8F52A4589E4FE9B4 /* Pods-KZWFoundation.debug.xcconfig */;
			buildSettings = {
				ASSETCATALOG_COMPILER_APPICON_NAME = AppIcon;
				CODE_SIGN_STYLE = Automatic;
				DEVELOPMENT_TEAM = 29PE6SFX2Q;
				INFOPLIST_FILE = KZWFoundation/Info.plist;
				IPHONEOS_DEPLOYMENT_TARGET = 9.0;
				LD_RUNPATH_SEARCH_PATHS = (
					"$(inherited)",
					"@executable_path/Frameworks",
				);
				PRODUCT_BUNDLE_IDENTIFIER = KZWFoundation.KZWFoundation;
				PRODUCT_NAME = "$(TARGET_NAME)";
				TARGETED_DEVICE_FAMILY = "1,2";
			};
			name = Debug;
		};
		3059F2B920A1549300280644 /* Release */ = {
			isa = XCBuildConfiguration;
			baseConfigurationReference = 7B3F002F5D28EEEF363D9602 /* Pods-KZWFoundation.release.xcconfig */;
			buildSettings = {
				ASSETCATALOG_COMPILER_APPICON_NAME = AppIcon;
				CODE_SIGN_STYLE = Automatic;
				DEVELOPMENT_TEAM = 29PE6SFX2Q;
				INFOPLIST_FILE = KZWFoundation/Info.plist;
				IPHONEOS_DEPLOYMENT_TARGET = 9.0;
				LD_RUNPATH_SEARCH_PATHS = (
					"$(inherited)",
					"@executable_path/Frameworks",
				);
				PRODUCT_BUNDLE_IDENTIFIER = KZWFoundation.KZWFoundation;
				PRODUCT_NAME = "$(TARGET_NAME)";
				TARGETED_DEVICE_FAMILY = "1,2";
			};
			name = Release;
		};
		3059F2BB20A1549300280644 /* Debug */ = {
			isa = XCBuildConfiguration;
			baseConfigurationReference = 377F14706E4409356BC86786 /* Pods-KZWFoundationTests.debug.xcconfig */;
			buildSettings = {
				BUNDLE_LOADER = "$(TEST_HOST)";
				CODE_SIGN_STYLE = Automatic;
				DEVELOPMENT_TEAM = 29PE6SFX2Q;
				INFOPLIST_FILE = KZWFoundationTests/Info.plist;
				LD_RUNPATH_SEARCH_PATHS = (
					"$(inherited)",
					"@executable_path/Frameworks",
					"@loader_path/Frameworks",
				);
				PRODUCT_BUNDLE_IDENTIFIER = KZWFoundation.KZWFoundationTests;
				PRODUCT_NAME = "$(TARGET_NAME)";
				TARGETED_DEVICE_FAMILY = "1,2";
				TEST_HOST = "$(BUILT_PRODUCTS_DIR)/KZWFoundation.app/KZWFoundation";
			};
			name = Debug;
		};
		3059F2BC20A1549300280644 /* Release */ = {
			isa = XCBuildConfiguration;
			baseConfigurationReference = 66C316CCC2DB07337DD17E43 /* Pods-KZWFoundationTests.release.xcconfig */;
			buildSettings = {
				BUNDLE_LOADER = "$(TEST_HOST)";
				CODE_SIGN_STYLE = Automatic;
				DEVELOPMENT_TEAM = 29PE6SFX2Q;
				INFOPLIST_FILE = KZWFoundationTests/Info.plist;
				LD_RUNPATH_SEARCH_PATHS = (
					"$(inherited)",
					"@executable_path/Frameworks",
					"@loader_path/Frameworks",
				);
				PRODUCT_BUNDLE_IDENTIFIER = KZWFoundation.KZWFoundationTests;
				PRODUCT_NAME = "$(TARGET_NAME)";
				TARGETED_DEVICE_FAMILY = "1,2";
				TEST_HOST = "$(BUILT_PRODUCTS_DIR)/KZWFoundation.app/KZWFoundation";
			};
			name = Release;
		};
		3059F2BE20A1549300280644 /* Debug */ = {
			isa = XCBuildConfiguration;
			baseConfigurationReference = 75D768FC5215A28BA95B6C7F /* Pods-KZWFoundationUITests.debug.xcconfig */;
			buildSettings = {
				CODE_SIGN_STYLE = Automatic;
				DEVELOPMENT_TEAM = 29PE6SFX2Q;
				INFOPLIST_FILE = KZWFoundationUITests/Info.plist;
				LD_RUNPATH_SEARCH_PATHS = (
					"$(inherited)",
					"@executable_path/Frameworks",
					"@loader_path/Frameworks",
				);
				PRODUCT_BUNDLE_IDENTIFIER = KZWFoundation.KZWFoundationUITests;
				PRODUCT_NAME = "$(TARGET_NAME)";
				TARGETED_DEVICE_FAMILY = "1,2";
				TEST_TARGET_NAME = KZWFoundation;
			};
			name = Debug;
		};
		3059F2BF20A1549300280644 /* Release */ = {
			isa = XCBuildConfiguration;
			baseConfigurationReference = DA46756E335471C05E073D6F /* Pods-KZWFoundationUITests.release.xcconfig */;
			buildSettings = {
				CODE_SIGN_STYLE = Automatic;
				DEVELOPMENT_TEAM = 29PE6SFX2Q;
				INFOPLIST_FILE = KZWFoundationUITests/Info.plist;
				LD_RUNPATH_SEARCH_PATHS = (
					"$(inherited)",
					"@executable_path/Frameworks",
					"@loader_path/Frameworks",
				);
				PRODUCT_BUNDLE_IDENTIFIER = KZWFoundation.KZWFoundationUITests;
				PRODUCT_NAME = "$(TARGET_NAME)";
				TARGETED_DEVICE_FAMILY = "1,2";
				TEST_TARGET_NAME = KZWFoundation;
			};
			name = Release;
		};
/* End XCBuildConfiguration section */

/* Begin XCConfigurationList section */
		3059F28620A1549100280644 /* Build configuration list for PBXProject "KZWFoundation" */ = {
			isa = XCConfigurationList;
			buildConfigurations = (
				3059F2B520A1549300280644 /* Debug */,
				3059F2B620A1549300280644 /* Release */,
			);
			defaultConfigurationIsVisible = 0;
			defaultConfigurationName = Release;
		};
		3059F2B720A1549300280644 /* Build configuration list for PBXNativeTarget "KZWFoundation" */ = {
			isa = XCConfigurationList;
			buildConfigurations = (
				3059F2B820A1549300280644 /* Debug */,
				3059F2B920A1549300280644 /* Release */,
			);
			defaultConfigurationIsVisible = 0;
			defaultConfigurationName = Release;
		};
		3059F2BA20A1549300280644 /* Build configuration list for PBXNativeTarget "KZWFoundationTests" */ = {
			isa = XCConfigurationList;
			buildConfigurations = (
				3059F2BB20A1549300280644 /* Debug */,
				3059F2BC20A1549300280644 /* Release */,
			);
			defaultConfigurationIsVisible = 0;
			defaultConfigurationName = Release;
		};
		3059F2BD20A1549300280644 /* Build configuration list for PBXNativeTarget "KZWFoundationUITests" */ = {
			isa = XCConfigurationList;
			buildConfigurations = (
				3059F2BE20A1549300280644 /* Debug */,
				3059F2BF20A1549300280644 /* Release */,
			);
			defaultConfigurationIsVisible = 0;
			defaultConfigurationName = Release;
		};
/* End XCConfigurationList section */
	};
	rootObject = 3059F28320A1549100280644 /* Project object */;
}
