PODS:
  - AFNetworking (3.2.1):
    - AFNetworking/NSURLSession (= 3.2.1)
    - AFNetworking/Reachability (= 3.2.1)
    - AFNetworking/Security (= 3.2.1)
    - AFNetworking/Serialization (= 3.2.1)
    - AFNetworking/UIKit (= 3.2.1)
  - AFNetworking/NSURLSession (3.2.1):
    - AFNetworking/Reachability
    - AFNetworking/Security
    - AFNetworking/Serialization
  - AFNetworking/Reachability (3.2.1)
  - AFNetworking/Security (3.2.1)
  - AFNetworking/Serialization (3.2.1)
  - AFNetworking/UIKit (3.2.1):
    - AFNetworking/NSURLSession
  - Aspects (1.4.1)
  - dsBridge (3.0.2)
  - FBRetainCycleDetector (0.1.4)
  - Mantle (2.1.0):
    - Mantle/extobjc (= 2.1.0)
  - Mantle/extobjc (2.1.0)
  - Masonry (1.1.0)
  - MBProgressHUD (1.1.0)
  - MJRefresh (3.1.15.3)
  - MLeaksFinder (1.0.0):
    - FBRetainCycleDetector
  - SAMKeychain (1.5.3)

DEPENDENCIES:
  - AFNetworking
  - Aspects
  - dsBridge
  - Mantle
  - Masonry
  - MBProgressHUD
  - MJRefresh
  - MLeaksFinder
  - SAMKeychain

SPEC REPOS:
  https://github.com/cocoapods/specs.git:
    - AFNetworking
    - Aspects
    - dsBridge
    - FBRetainCycleDetector
    - Mantle
    - Masonry
    - MBProgressHUD
    - MJRefresh
    - MLeaksFinder
    - SAMKeychain

SPEC CHECKSUMS:
  AFNetworking: b6f891fdfaed196b46c7a83cf209e09697b94057
  Aspects: 7595ba96a6727a58ebcbfc954497fc5d2fdde546
  dsBridge: e3f0be728d736724a24503a24b7f82b17acdbb23
  FBRetainCycleDetector: 46f8179bbb1c587deee3ea838a1a3ee02acf5015
  Mantle: 2fa750afa478cd625a94230fbf1c13462f29395b
  Masonry: 678fab65091a9290e40e2832a55e7ab731aad201
  MBProgressHUD: e7baa36a220447d8aeb12769bf0585582f3866d9
  MJRefresh: b48380ae2b927b46c4ef000de9adb8dc748e1df7
  MLeaksFinder: 8c435bd2f6d070af18cff082b503b21adc130fc0
  SAMKeychain: 483e1c9f32984d50ca961e26818a534283b4cd5c

PODFILE CHECKSUM: 37043a9bf9558a46c38fcb27df9aa35b27fdded3

COCOAPODS: 1.5.3
